
Microsoft Visual Studio Solution File, Format Version 12.00
# Visual Studio Version 16
VisualStudioVersion = 16.0.31112.23
MinimumVisualStudioVersion = 10.0.40219.1
Project("{FAE04EC0-301F-11D3-BF4B-00C04F79EFBC}") = "VechiclesTrafficFee", "VechiclesTrafficFee\VechiclesTrafficFee.csproj", "{FFA96B0E-B86D-403B-B810-B4B1CB4AF9C3}"
EndProject
Project("{FAE04EC0-301F-11D3-BF4B-00C04F79EFBC}") = "TestVechicleTrafficFee", "TestVechicleTrafficFee\TestVechicleTrafficFee.csproj", "{DC193A62-C10D-4B4E-9EEE-74193CFE802B}"
EndProject
Global
	GlobalSection(SolutionConfigurationPlatforms) = preSolution
		Debug|Any CPU = Debug|Any CPU
		Release|Any CPU = Release|Any CPU
	EndGlobalSection
	GlobalSection(ProjectConfigurationPlatforms) = postSolution
		{FFA96B0E-B86D-403B-B810-B4B1CB4AF9C3}.Debug|Any CPU.ActiveCfg = Debug|Any CPU
		{FFA96B0E-B86D-403B-B810-B4B1CB4AF9C3}.Debug|Any CPU.Build.0 = Debug|Any CPU
		{FFA96B0E-B86D-403B-B810-B4B1CB4AF9C3}.Release|Any CPU.ActiveCfg = Release|Any CPU
		{FFA96B0E-B86D-403B-B810-B4B1CB4AF9C3}.Release|Any CPU.Build.0 = Release|Any CPU
		{DC193A62-C10D-4B4E-9EEE-74193CFE802B}.Debug|Any CPU.ActiveCfg = Debug|Any CPU
		{DC193A62-C10D-4B4E-9EEE-74193CFE802B}.Debug|Any CPU.Build.0 = Debug|Any CPU
		{DC193A62-C10D-4B4E-9EEE-74193CFE802B}.Release|Any CPU.ActiveCfg = Release|Any CPU
		{DC193A62-C10D-4B4E-9EEE-74193CFE802B}.Release|Any CPU.Build.0 = Release|Any CPU
	EndGlobalSection
	GlobalSection(SolutionProperties) = preSolution
		HideSolutionNode = FALSE
	EndGlobalSection
	GlobalSection(ExtensibilityGlobals) = postSolution
		SolutionGuid = {CBB27540-2719-49EB-B9E3-DEC5648CE896}
	EndGlobalSection
EndGlobal
